
Microsoft Visual Studio Solution File, Format Version 12.00
# Visual Studio Version 16
VisualStudioVersion = 16.0.29613.14
MinimumVisualStudioVersion = 10.0.40219.1
Project("{2150E333-8FDC-42A3-9474-1A3956D46DE8}") = "Minimum", "Minimum", "{2998A1F5-8D70-4E08-9ABC-3F65633F81CE}"
EndProject
Project("{2150E333-8FDC-42A3-9474-1A3956D46DE8}") = "Maximum", "Maximum", "{0D427C8E-5E4B-46D6-8E08-3C815A974AC4}"
EndProject
Project("{9A19103F-16F7-4668-BE54-9A1E7A4F7556}") = "Min.Entities", "Minimum\Min.Entities\Min.Entities.csproj", "{5B0BB12F-9727-4114-886C-256EC137F489}"
EndProject
Project("{2150E333-8FDC-42A3-9474-1A3956D46DE8}") = "1 Entities", "1 Entities", "{DA2BF7B2-0DB1-46B8-A3E7-62597270BB68}"
EndProject
Project("{2150E333-8FDC-42A3-9474-1A3956D46DE8}") = "2 UseCases", "2 UseCases", "{9C618C60-42E5-4920-8DFE-CF96ECDFCB36}"
EndProject
Project("{2150E333-8FDC-42A3-9474-1A3956D46DE8}") = "3 Controllers", "3 Controllers", "{2EEA3733-EB0B-4A7B-B53D-073283FE28D2}"
EndProject
Project("{2150E333-8FDC-42A3-9474-1A3956D46DE8}") = "4 Frameworks", "4 Frameworks", "{04331CF3-3A06-4FB9-BD48-B96031C0C96F}"
EndProject
Project("{9A19103F-16F7-4668-BE54-9A1E7A4F7556}") = "Min.Infrastructure.Interfaces", "Minimum\Min.Infrastructure.Interfaces\Min.Infrastructure.Interfaces.csproj", "{E25FE669-5C26-4912-B4FB-04F1D10A0F9F}"
EndProject
Project("{9A19103F-16F7-4668-BE54-9A1E7A4F7556}") = "Min.UseCases", "Minimum\Min.UseCases\Min.UseCases.csproj", "{527A5DDF-68B5-4E45-A0FD-6B132A1ACD9C}"
EndProject
Project("{9A19103F-16F7-4668-BE54-9A1E7A4F7556}") = "Min.UseCases.Tests.Unit", "Minimum\Min.UseCases.Tests.Unit\Min.UseCases.Tests.Unit.csproj", "{27F70C3C-F51D-4BED-83D6-7BB5AB89A130}"
EndProject
Project("{9A19103F-16F7-4668-BE54-9A1E7A4F7556}") = "Min.DataAccess.MsSql", "Minimum\Min.DataAccess.MsSql\Min.DataAccess.MsSql.csproj", "{E85AB5F8-D2DF-4670-AE24-CCA064258765}"
EndProject
Project("{2150E333-8FDC-42A3-9474-1A3956D46DE8}") = "0 Utils", "0 Utils", "{0F8C149F-9916-4FDD-9F52-AC5405781FE3}"
EndProject
Project("{9A19103F-16F7-4668-BE54-9A1E7A4F7556}") = "Min.Utils", "Minimum\Min.Utils\Min.Utils.csproj", "{99F26BCF-B91E-4C66-9E03-EB607F4356C0}"
EndProject
Project("{9A19103F-16F7-4668-BE54-9A1E7A4F7556}") = "Min.Web", "Minimum\Min.Web\Min.Web.csproj", "{5F889BE1-E257-4007-9960-BF9741C569CC}"
EndProject
Project("{2150E333-8FDC-42A3-9474-1A3956D46DE8}") = "0 Utils", "0 Utils", "{ACF2C270-C565-4FB2-BD49-1477F210EA88}"
EndProject
Project("{2150E333-8FDC-42A3-9474-1A3956D46DE8}") = "1 Entities", "1 Entities", "{7CECB96D-F201-454A-AE66-33074DFF2FF2}"
EndProject
Project("{2150E333-8FDC-42A3-9474-1A3956D46DE8}") = "2 UseCases", "2 UseCases", "{E738718A-433E-4B62-B454-DD194D07266D}"
EndProject
Project("{2150E333-8FDC-42A3-9474-1A3956D46DE8}") = "3 Controllers", "3 Controllers", "{09CBC943-DC2C-4BD8-9B94-A5FEDAE1CF3C}"
EndProject
Project("{2150E333-8FDC-42A3-9474-1A3956D46DE8}") = "4 Frameworks", "4 Frameworks", "{2AD3E48B-4D86-4CFA-8E87-4B00097865B3}"
EndProject
Project("{9A19103F-16F7-4668-BE54-9A1E7A4F7556}") = "Max.Utils", "Maximum\Max.Utils\Max.Utils.csproj", "{E21BA7EA-FC7A-4738-BA2F-D14BE3569CA5}"
EndProject
Project("{9A19103F-16F7-4668-BE54-9A1E7A4F7556}") = "Max.Entities", "Maximum\Max.Entities\Max.Entities.csproj", "{C7629EAF-801D-4C6C-9117-0A38E54EF8DF}"
EndProject
Project("{9A19103F-16F7-4668-BE54-9A1E7A4F7556}") = "Max.DomainServices.Interfaces", "Maximum\Max.DomainServices.Interfaces\Max.DomainServices.Interfaces.csproj", "{2AB67383-8847-4651-A530-1CEC666CC4CB}"
EndProject
Project("{9A19103F-16F7-4668-BE54-9A1E7A4F7556}") = "Max.DomainServices.Implementation", "Maximum\Max.DomainServices.Implementation\Max.DomainServices.Implementation.csproj", "{7546ABED-9FDA-4ABF-99E4-0A3F0C777525}"
EndProject
Project("{9A19103F-16F7-4668-BE54-9A1E7A4F7556}") = "Max.Infrastructure.Interfaces", "Maximum\Max.Infrastructure.Interfaces\Max.Infrastructure.Interfaces.csproj", "{89617164-1AD3-4B40-87A3-9F6BAE9DA016}"
EndProject
Project("{9A19103F-16F7-4668-BE54-9A1E7A4F7556}") = "Max.UseCases", "Maximum\Max.UseCases\Max.UseCases.csproj", "{C165F0F3-BD2F-466B-87E0-9FD7FE3453B1}"
EndProject
Project("{9A19103F-16F7-4668-BE54-9A1E7A4F7556}") = "Max.Infrastructure.Implementation", "Maximum\Max.Infrastructure.Implementation\Max.Infrastructure.Implementation.csproj", "{63BD0820-ECA0-4C1B-BF16-6175009C2186}"
EndProject
Project("{9A19103F-16F7-4668-BE54-9A1E7A4F7556}") = "Max.DataAccess.MsSql", "Maximum\Max.DataAccess.MsSql\Max.DataAccess.MsSql.csproj", "{7BD5C151-AF19-4193-93BF-06A67E2BBDDB}"
EndProject
Project("{9A19103F-16F7-4668-BE54-9A1E7A4F7556}") = "Max.Web", "Maximum\Max.Web\Max.Web.csproj", "{7207480A-C73C-4C14-8437-304DDB1D8001}"
EndProject
Project("{9A19103F-16F7-4668-BE54-9A1E7A4F7556}") = "Max.UseCases.Tests.Unit", "Maximum\Max.UseCases.Tests.Unit\Max.UseCases.Tests.Unit.csproj", "{80EF010E-B3B5-470C-8D55-D5D0FA589141}"
EndProject
Project("{9A19103F-16F7-4668-BE54-9A1E7A4F7556}") = "Max.Tests", "Maximum\Max.Tests\Max.Tests.csproj", "{5E95EE0C-DA53-46A2-907A-B75E5B6D0A94}"
EndProject
Project("{2150E333-8FDC-42A3-9474-1A3956D46DE8}") = "Tools", "Tools", "{1A0C5AD4-F52F-4CC5-86C7-43E867DDC807}"
EndProject
Project("{9A19103F-16F7-4668-BE54-9A1E7A4F7556}") = "CleanArchitectureAnalyzer", "Maximum\CleanArchitectureAnalyzer\CleanArchitectureAnalyzer\CleanArchitectureAnalyzer.csproj", "{0D7F024B-AE86-47E0-89E1-8833E290FBD7}"
EndProject
Project("{FAE04EC0-301F-11D3-BF4B-00C04F79EFBC}") = "CleanArchitectureAnalyzer.Vsix", "Maximum\CleanArchitectureAnalyzer\CleanArchitectureAnalyzer.Vsix\CleanArchitectureAnalyzer.Vsix.csproj", "{4602B941-BB39-444E-9BE4-C5B16BFBEDD8}"
EndProject
Project("{2150E333-8FDC-42A3-9474-1A3956D46DE8}") = "Docs", "Docs", "{B15FF0E4-96AD-4B11-AAF1-BF710D16DAFF}"
	ProjectSection(SolutionItems) = preProject
		Maximum\Docs\AssemblyStatistic.xlsx = Maximum\Docs\AssemblyStatistic.xlsx
	EndProjectSection
EndProject
Project("{9A19103F-16F7-4668-BE54-9A1E7A4F7556}") = "Max.Controllers", "Maximum\Max.Controllers\Max.Controllers.csproj", "{6DFACF92-0DDC-4906-9EBA-740E1EB11CBA}"
EndProject
Project("{2150E333-8FDC-42A3-9474-1A3956D46DE8}") = "Middle", "Middle", "{518E913E-5F8F-42B3-9F03-8C9101D11D0C}"
EndProject
Project("{2150E333-8FDC-42A3-9474-1A3956D46DE8}") = "0 Utils", "0 Utils", "{82E2E645-C4DF-476A-8DE7-FF885BC660CE}"
EndProject
Project("{9A19103F-16F7-4668-BE54-9A1E7A4F7556}") = "Mid.Utils", "Middle\Mid.Utils\Mid.Utils.csproj", "{82F83A03-2391-4443-9A50-45BCBA69D6AF}"
EndProject
Project("{9A19103F-16F7-4668-BE54-9A1E7A4F7556}") = "Mid.Infrastructure.Interfaces", "Middle\Mid.Infrastructure.Interfaces\Mid.Infrastructure.Interfaces.csproj", "{E0F9EE9B-A224-47A8-8093-5915D70484C0}"
EndProject
Project("{9A19103F-16F7-4668-BE54-9A1E7A4F7556}") = "Mid.Entities", "Middle\Mid.Entities\Mid.Entities.csproj", "{05D4A0AF-F2C9-4DF5-AC54-7F2D77BD8DE8}"
EndProject
Project("{2150E333-8FDC-42A3-9474-1A3956D46DE8}") = "1 Entities", "1 Entities", "{7B1B0E1C-902F-4F86-A492-33101565EFA6}"
EndProject
Project("{2150E333-8FDC-42A3-9474-1A3956D46DE8}") = "2 UseCases", "2 UseCases", "{E056383E-1222-4D46-B06C-9F6C8F66E02D}"
EndProject
Project("{9A19103F-16F7-4668-BE54-9A1E7A4F7556}") = "Mid.UseCases", "Middle\Mid.UseCases\Mid.UseCases.csproj", "{58E420BE-7672-44A2-8722-0FCCE78914C0}"
EndProject
Project("{9A19103F-16F7-4668-BE54-9A1E7A4F7556}") = "Mid.DataAccess.MsSql", "Middle\Mid.DataAccess.MsSql\Mid.DataAccess.MsSql.csproj", "{36E877D9-2B39-49F6-865D-425F5D2FE49D}"
EndProject
Project("{9A19103F-16F7-4668-BE54-9A1E7A4F7556}") = "Mid.Web", "Middle\Mid.Web\Mid.Web.csproj", "{BA850FB2-0F60-48C3-8E32-C9165D1EB7A5}"
EndProject
Project("{2150E333-8FDC-42A3-9474-1A3956D46DE8}") = "4 Frameworks", "4 Frameworks", "{C84BDC9E-DFFE-4D94-8F32-437C31179A52}"
EndProject
Project("{9A19103F-16F7-4668-BE54-9A1E7A4F7556}") = "Mid.Infrastructure.Implementation", "Middle\Mid.Infrastructure.Implementation\Mid.Infrastructure.Implementation.csproj", "{A6B2F08A-8D63-4951-BE92-B861DCF4F9EF}"
EndProject
Project("{2150E333-8FDC-42A3-9474-1A3956D46DE8}") = "3 Controllers", "3 Controllers", "{BD78391B-DA6F-4B4A-A11B-ED6E5A67F2B8}"
EndProject
Global
	GlobalSection(SolutionConfigurationPlatforms) = preSolution
		Debug|Any CPU = Debug|Any CPU
		Release|Any CPU = Release|Any CPU
	EndGlobalSection
	GlobalSection(ProjectConfigurationPlatforms) = postSolution
		{5B0BB12F-9727-4114-886C-256EC137F489}.Debug|Any CPU.ActiveCfg = Debug|Any CPU
		{5B0BB12F-9727-4114-886C-256EC137F489}.Debug|Any CPU.Build.0 = Debug|Any CPU
		{5B0BB12F-9727-4114-886C-256EC137F489}.Release|Any CPU.ActiveCfg = Release|Any CPU
		{5B0BB12F-9727-4114-886C-256EC137F489}.Release|Any CPU.Build.0 = Release|Any CPU
		{E25FE669-5C26-4912-B4FB-04F1D10A0F9F}.Debug|Any CPU.ActiveCfg = Debug|Any CPU
		{E25FE669-5C26-4912-B4FB-04F1D10A0F9F}.Debug|Any CPU.Build.0 = Debug|Any CPU
		{E25FE669-5C26-4912-B4FB-04F1D10A0F9F}.Release|Any CPU.ActiveCfg = Release|Any CPU
		{E25FE669-5C26-4912-B4FB-04F1D10A0F9F}.Release|Any CPU.Build.0 = Release|Any CPU
		{527A5DDF-68B5-4E45-A0FD-6B132A1ACD9C}.Debug|Any CPU.ActiveCfg = Debug|Any CPU
		{527A5DDF-68B5-4E45-A0FD-6B132A1ACD9C}.Debug|Any CPU.Build.0 = Debug|Any CPU
		{527A5DDF-68B5-4E45-A0FD-6B132A1ACD9C}.Release|Any CPU.ActiveCfg = Release|Any CPU
		{527A5DDF-68B5-4E45-A0FD-6B132A1ACD9C}.Release|Any CPU.Build.0 = Release|Any CPU
		{27F70C3C-F51D-4BED-83D6-7BB5AB89A130}.Debug|Any CPU.ActiveCfg = Debug|Any CPU
		{27F70C3C-F51D-4BED-83D6-7BB5AB89A130}.Debug|Any CPU.Build.0 = Debug|Any CPU
		{27F70C3C-F51D-4BED-83D6-7BB5AB89A130}.Release|Any CPU.ActiveCfg = Release|Any CPU
		{27F70C3C-F51D-4BED-83D6-7BB5AB89A130}.Release|Any CPU.Build.0 = Release|Any CPU
		{E85AB5F8-D2DF-4670-AE24-CCA064258765}.Debug|Any CPU.ActiveCfg = Debug|Any CPU
		{E85AB5F8-D2DF-4670-AE24-CCA064258765}.Debug|Any CPU.Build.0 = Debug|Any CPU
		{E85AB5F8-D2DF-4670-AE24-CCA064258765}.Release|Any CPU.ActiveCfg = Release|Any CPU
		{E85AB5F8-D2DF-4670-AE24-CCA064258765}.Release|Any CPU.Build.0 = Release|Any CPU
		{99F26BCF-B91E-4C66-9E03-EB607F4356C0}.Debug|Any CPU.ActiveCfg = Debug|Any CPU
		{99F26BCF-B91E-4C66-9E03-EB607F4356C0}.Debug|Any CPU.Build.0 = Debug|Any CPU
		{99F26BCF-B91E-4C66-9E03-EB607F4356C0}.Release|Any CPU.ActiveCfg = Release|Any CPU
		{99F26BCF-B91E-4C66-9E03-EB607F4356C0}.Release|Any CPU.Build.0 = Release|Any CPU
		{5F889BE1-E257-4007-9960-BF9741C569CC}.Debug|Any CPU.ActiveCfg = Debug|Any CPU
		{5F889BE1-E257-4007-9960-BF9741C569CC}.Debug|Any CPU.Build.0 = Debug|Any CPU
		{5F889BE1-E257-4007-9960-BF9741C569CC}.Release|Any CPU.ActiveCfg = Release|Any CPU
		{5F889BE1-E257-4007-9960-BF9741C569CC}.Release|Any CPU.Build.0 = Release|Any CPU
		{E21BA7EA-FC7A-4738-BA2F-D14BE3569CA5}.Debug|Any CPU.ActiveCfg = Debug|Any CPU
		{E21BA7EA-FC7A-4738-BA2F-D14BE3569CA5}.Debug|Any CPU.Build.0 = Debug|Any CPU
		{E21BA7EA-FC7A-4738-BA2F-D14BE3569CA5}.Release|Any CPU.ActiveCfg = Release|Any CPU
		{E21BA7EA-FC7A-4738-BA2F-D14BE3569CA5}.Release|Any CPU.Build.0 = Release|Any CPU
		{C7629EAF-801D-4C6C-9117-0A38E54EF8DF}.Debug|Any CPU.ActiveCfg = Debug|Any CPU
		{C7629EAF-801D-4C6C-9117-0A38E54EF8DF}.Debug|Any CPU.Build.0 = Debug|Any CPU
		{C7629EAF-801D-4C6C-9117-0A38E54EF8DF}.Release|Any CPU.ActiveCfg = Release|Any CPU
		{C7629EAF-801D-4C6C-9117-0A38E54EF8DF}.Release|Any CPU.Build.0 = Release|Any CPU
		{2AB67383-8847-4651-A530-1CEC666CC4CB}.Debug|Any CPU.ActiveCfg = Debug|Any CPU
		{2AB67383-8847-4651-A530-1CEC666CC4CB}.Debug|Any CPU.Build.0 = Debug|Any CPU
		{2AB67383-8847-4651-A530-1CEC666CC4CB}.Release|Any CPU.ActiveCfg = Release|Any CPU
		{2AB67383-8847-4651-A530-1CEC666CC4CB}.Release|Any CPU.Build.0 = Release|Any CPU
		{7546ABED-9FDA-4ABF-99E4-0A3F0C777525}.Debug|Any CPU.ActiveCfg = Debug|Any CPU
		{7546ABED-9FDA-4ABF-99E4-0A3F0C777525}.Debug|Any CPU.Build.0 = Debug|Any CPU
		{7546ABED-9FDA-4ABF-99E4-0A3F0C777525}.Release|Any CPU.ActiveCfg = Release|Any CPU
		{7546ABED-9FDA-4ABF-99E4-0A3F0C777525}.Release|Any CPU.Build.0 = Release|Any CPU
		{89617164-1AD3-4B40-87A3-9F6BAE9DA016}.Debug|Any CPU.ActiveCfg = Debug|Any CPU
		{89617164-1AD3-4B40-87A3-9F6BAE9DA016}.Debug|Any CPU.Build.0 = Debug|Any CPU
		{89617164-1AD3-4B40-87A3-9F6BAE9DA016}.Release|Any CPU.ActiveCfg = Release|Any CPU
		{89617164-1AD3-4B40-87A3-9F6BAE9DA016}.Release|Any CPU.Build.0 = Release|Any CPU
		{C165F0F3-BD2F-466B-87E0-9FD7FE3453B1}.Debug|Any CPU.ActiveCfg = Debug|Any CPU
		{C165F0F3-BD2F-466B-87E0-9FD7FE3453B1}.Debug|Any CPU.Build.0 = Debug|Any CPU
		{C165F0F3-BD2F-466B-87E0-9FD7FE3453B1}.Release|Any CPU.ActiveCfg = Release|Any CPU
		{C165F0F3-BD2F-466B-87E0-9FD7FE3453B1}.Release|Any CPU.Build.0 = Release|Any CPU
		{63BD0820-ECA0-4C1B-BF16-6175009C2186}.Debug|Any CPU.ActiveCfg = Debug|Any CPU
		{63BD0820-ECA0-4C1B-BF16-6175009C2186}.Debug|Any CPU.Build.0 = Debug|Any CPU
		{63BD0820-ECA0-4C1B-BF16-6175009C2186}.Release|Any CPU.ActiveCfg = Release|Any CPU
		{63BD0820-ECA0-4C1B-BF16-6175009C2186}.Release|Any CPU.Build.0 = Release|Any CPU
		{7BD5C151-AF19-4193-93BF-06A67E2BBDDB}.Debug|Any CPU.ActiveCfg = Debug|Any CPU
		{7BD5C151-AF19-4193-93BF-06A67E2BBDDB}.Debug|Any CPU.Build.0 = Debug|Any CPU
		{7BD5C151-AF19-4193-93BF-06A67E2BBDDB}.Release|Any CPU.ActiveCfg = Release|Any CPU
		{7BD5C151-AF19-4193-93BF-06A67E2BBDDB}.Release|Any CPU.Build.0 = Release|Any CPU
		{7207480A-C73C-4C14-8437-304DDB1D8001}.Debug|Any CPU.ActiveCfg = Debug|Any CPU
		{7207480A-C73C-4C14-8437-304DDB1D8001}.Debug|Any CPU.Build.0 = Debug|Any CPU
		{7207480A-C73C-4C14-8437-304DDB1D8001}.Release|Any CPU.ActiveCfg = Release|Any CPU
		{7207480A-C73C-4C14-8437-304DDB1D8001}.Release|Any CPU.Build.0 = Release|Any CPU
		{80EF010E-B3B5-470C-8D55-D5D0FA589141}.Debug|Any CPU.ActiveCfg = Debug|Any CPU
		{80EF010E-B3B5-470C-8D55-D5D0FA589141}.Debug|Any CPU.Build.0 = Debug|Any CPU
		{80EF010E-B3B5-470C-8D55-D5D0FA589141}.Release|Any CPU.ActiveCfg = Release|Any CPU
		{80EF010E-B3B5-470C-8D55-D5D0FA589141}.Release|Any CPU.Build.0 = Release|Any CPU
		{5E95EE0C-DA53-46A2-907A-B75E5B6D0A94}.Debug|Any CPU.ActiveCfg = Debug|Any CPU
		{5E95EE0C-DA53-46A2-907A-B75E5B6D0A94}.Debug|Any CPU.Build.0 = Debug|Any CPU
		{5E95EE0C-DA53-46A2-907A-B75E5B6D0A94}.Release|Any CPU.ActiveCfg = Release|Any CPU
		{5E95EE0C-DA53-46A2-907A-B75E5B6D0A94}.Release|Any CPU.Build.0 = Release|Any CPU
		{0D7F024B-AE86-47E0-89E1-8833E290FBD7}.Debug|Any CPU.ActiveCfg = Debug|Any CPU
		{0D7F024B-AE86-47E0-89E1-8833E290FBD7}.Debug|Any CPU.Build.0 = Debug|Any CPU
		{0D7F024B-AE86-47E0-89E1-8833E290FBD7}.Release|Any CPU.ActiveCfg = Release|Any CPU
		{0D7F024B-AE86-47E0-89E1-8833E290FBD7}.Release|Any CPU.Build.0 = Release|Any CPU
		{4602B941-BB39-444E-9BE4-C5B16BFBEDD8}.Debug|Any CPU.ActiveCfg = Debug|Any CPU
		{4602B941-BB39-444E-9BE4-C5B16BFBEDD8}.Debug|Any CPU.Build.0 = Debug|Any CPU
		{4602B941-BB39-444E-9BE4-C5B16BFBEDD8}.Release|Any CPU.ActiveCfg = Release|Any CPU
		{4602B941-BB39-444E-9BE4-C5B16BFBEDD8}.Release|Any CPU.Build.0 = Release|Any CPU
		{6DFACF92-0DDC-4906-9EBA-740E1EB11CBA}.Debug|Any CPU.ActiveCfg = Debug|Any CPU
		{6DFACF92-0DDC-4906-9EBA-740E1EB11CBA}.Debug|Any CPU.Build.0 = Debug|Any CPU
		{6DFACF92-0DDC-4906-9EBA-740E1EB11CBA}.Release|Any CPU.ActiveCfg = Release|Any CPU
		{6DFACF92-0DDC-4906-9EBA-740E1EB11CBA}.Release|Any CPU.Build.0 = Release|Any CPU
		{82F83A03-2391-4443-9A50-45BCBA69D6AF}.Debug|Any CPU.ActiveCfg = Debug|Any CPU
		{82F83A03-2391-4443-9A50-45BCBA69D6AF}.Debug|Any CPU.Build.0 = Debug|Any CPU
		{82F83A03-2391-4443-9A50-45BCBA69D6AF}.Release|Any CPU.ActiveCfg = Release|Any CPU
		{82F83A03-2391-4443-9A50-45BCBA69D6AF}.Release|Any CPU.Build.0 = Release|Any CPU
		{E0F9EE9B-A224-47A8-8093-5915D70484C0}.Debug|Any CPU.ActiveCfg = Debug|Any CPU
		{E0F9EE9B-A224-47A8-8093-5915D70484C0}.Debug|Any CPU.Build.0 = Debug|Any CPU
		{E0F9EE9B-A224-47A8-8093-5915D70484C0}.Release|Any CPU.ActiveCfg = Release|Any CPU
		{E0F9EE9B-A224-47A8-8093-5915D70484C0}.Release|Any CPU.Build.0 = Release|Any CPU
		{05D4A0AF-F2C9-4DF5-AC54-7F2D77BD8DE8}.Debug|Any CPU.ActiveCfg = Debug|Any CPU
		{05D4A0AF-F2C9-4DF5-AC54-7F2D77BD8DE8}.Debug|Any CPU.Build.0 = Debug|Any CPU
		{05D4A0AF-F2C9-4DF5-AC54-7F2D77BD8DE8}.Release|Any CPU.ActiveCfg = Release|Any CPU
		{05D4A0AF-F2C9-4DF5-AC54-7F2D77BD8DE8}.Release|Any CPU.Build.0 = Release|Any CPU
		{58E420BE-7672-44A2-8722-0FCCE78914C0}.Debug|Any CPU.ActiveCfg = Debug|Any CPU
		{58E420BE-7672-44A2-8722-0FCCE78914C0}.Debug|Any CPU.Build.0 = Debug|Any CPU
		{58E420BE-7672-44A2-8722-0FCCE78914C0}.Release|Any CPU.ActiveCfg = Release|Any CPU
		{58E420BE-7672-44A2-8722-0FCCE78914C0}.Release|Any CPU.Build.0 = Release|Any CPU
		{36E877D9-2B39-49F6-865D-425F5D2FE49D}.Debug|Any CPU.ActiveCfg = Debug|Any CPU
		{36E877D9-2B39-49F6-865D-425F5D2FE49D}.Debug|Any CPU.Build.0 = Debug|Any CPU
		{36E877D9-2B39-49F6-865D-425F5D2FE49D}.Release|Any CPU.ActiveCfg = Release|Any CPU
		{36E877D9-2B39-49F6-865D-425F5D2FE49D}.Release|Any CPU.Build.0 = Release|Any CPU
		{BA850FB2-0F60-48C3-8E32-C9165D1EB7A5}.Debug|Any CPU.ActiveCfg = Debug|Any CPU
		{BA850FB2-0F60-48C3-8E32-C9165D1EB7A5}.Debug|Any CPU.Build.0 = Debug|Any CPU
		{BA850FB2-0F60-48C3-8E32-C9165D1EB7A5}.Release|Any CPU.ActiveCfg = Release|Any CPU
		{BA850FB2-0F60-48C3-8E32-C9165D1EB7A5}.Release|Any CPU.Build.0 = Release|Any CPU
		{A6B2F08A-8D63-4951-BE92-B861DCF4F9EF}.Debug|Any CPU.ActiveCfg = Debug|Any CPU
		{A6B2F08A-8D63-4951-BE92-B861DCF4F9EF}.Debug|Any CPU.Build.0 = Debug|Any CPU
		{A6B2F08A-8D63-4951-BE92-B861DCF4F9EF}.Release|Any CPU.ActiveCfg = Release|Any CPU
		{A6B2F08A-8D63-4951-BE92-B861DCF4F9EF}.Release|Any CPU.Build.0 = Release|Any CPU
	EndGlobalSection
	GlobalSection(SolutionProperties) = preSolution
		HideSolutionNode = FALSE
	EndGlobalSection
	GlobalSection(NestedProjects) = preSolution
		{5B0BB12F-9727-4114-886C-256EC137F489} = {DA2BF7B2-0DB1-46B8-A3E7-62597270BB68}
		{DA2BF7B2-0DB1-46B8-A3E7-62597270BB68} = {2998A1F5-8D70-4E08-9ABC-3F65633F81CE}
		{9C618C60-42E5-4920-8DFE-CF96ECDFCB36} = {2998A1F5-8D70-4E08-9ABC-3F65633F81CE}
		{2EEA3733-EB0B-4A7B-B53D-073283FE28D2} = {2998A1F5-8D70-4E08-9ABC-3F65633F81CE}
		{04331CF3-3A06-4FB9-BD48-B96031C0C96F} = {2998A1F5-8D70-4E08-9ABC-3F65633F81CE}
		{E25FE669-5C26-4912-B4FB-04F1D10A0F9F} = {9C618C60-42E5-4920-8DFE-CF96ECDFCB36}
		{527A5DDF-68B5-4E45-A0FD-6B132A1ACD9C} = {9C618C60-42E5-4920-8DFE-CF96ECDFCB36}
		{27F70C3C-F51D-4BED-83D6-7BB5AB89A130} = {04331CF3-3A06-4FB9-BD48-B96031C0C96F}
		{E85AB5F8-D2DF-4670-AE24-CCA064258765} = {04331CF3-3A06-4FB9-BD48-B96031C0C96F}
		{0F8C149F-9916-4FDD-9F52-AC5405781FE3} = {2998A1F5-8D70-4E08-9ABC-3F65633F81CE}
		{99F26BCF-B91E-4C66-9E03-EB607F4356C0} = {0F8C149F-9916-4FDD-9F52-AC5405781FE3}
		{5F889BE1-E257-4007-9960-BF9741C569CC} = {04331CF3-3A06-4FB9-BD48-B96031C0C96F}
		{ACF2C270-C565-4FB2-BD49-1477F210EA88} = {0D427C8E-5E4B-46D6-8E08-3C815A974AC4}
		{7CECB96D-F201-454A-AE66-33074DFF2FF2} = {0D427C8E-5E4B-46D6-8E08-3C815A974AC4}
		{E738718A-433E-4B62-B454-DD194D07266D} = {0D427C8E-5E4B-46D6-8E08-3C815A974AC4}
		{09CBC943-DC2C-4BD8-9B94-A5FEDAE1CF3C} = {0D427C8E-5E4B-46D6-8E08-3C815A974AC4}
		{2AD3E48B-4D86-4CFA-8E87-4B00097865B3} = {0D427C8E-5E4B-46D6-8E08-3C815A974AC4}
		{E21BA7EA-FC7A-4738-BA2F-D14BE3569CA5} = {ACF2C270-C565-4FB2-BD49-1477F210EA88}
		{C7629EAF-801D-4C6C-9117-0A38E54EF8DF} = {7CECB96D-F201-454A-AE66-33074DFF2FF2}
		{2AB67383-8847-4651-A530-1CEC666CC4CB} = {7CECB96D-F201-454A-AE66-33074DFF2FF2}
		{7546ABED-9FDA-4ABF-99E4-0A3F0C777525} = {7CECB96D-F201-454A-AE66-33074DFF2FF2}
		{89617164-1AD3-4B40-87A3-9F6BAE9DA016} = {E738718A-433E-4B62-B454-DD194D07266D}
		{C165F0F3-BD2F-466B-87E0-9FD7FE3453B1} = {E738718A-433E-4B62-B454-DD194D07266D}
		{63BD0820-ECA0-4C1B-BF16-6175009C2186} = {2AD3E48B-4D86-4CFA-8E87-4B00097865B3}
		{7BD5C151-AF19-4193-93BF-06A67E2BBDDB} = {2AD3E48B-4D86-4CFA-8E87-4B00097865B3}
		{7207480A-C73C-4C14-8437-304DDB1D8001} = {2AD3E48B-4D86-4CFA-8E87-4B00097865B3}
		{80EF010E-B3B5-470C-8D55-D5D0FA589141} = {2AD3E48B-4D86-4CFA-8E87-4B00097865B3}
		{5E95EE0C-DA53-46A2-907A-B75E5B6D0A94} = {2AD3E48B-4D86-4CFA-8E87-4B00097865B3}
		{1A0C5AD4-F52F-4CC5-86C7-43E867DDC807} = {0D427C8E-5E4B-46D6-8E08-3C815A974AC4}
		{0D7F024B-AE86-47E0-89E1-8833E290FBD7} = {1A0C5AD4-F52F-4CC5-86C7-43E867DDC807}
		{4602B941-BB39-444E-9BE4-C5B16BFBEDD8} = {1A0C5AD4-F52F-4CC5-86C7-43E867DDC807}
		{B15FF0E4-96AD-4B11-AAF1-BF710D16DAFF} = {0D427C8E-5E4B-46D6-8E08-3C815A974AC4}
		{6DFACF92-0DDC-4906-9EBA-740E1EB11CBA} = {09CBC943-DC2C-4BD8-9B94-A5FEDAE1CF3C}
		{82E2E645-C4DF-476A-8DE7-FF885BC660CE} = {518E913E-5F8F-42B3-9F03-8C9101D11D0C}
		{82F83A03-2391-4443-9A50-45BCBA69D6AF} = {82E2E645-C4DF-476A-8DE7-FF885BC660CE}
		{E0F9EE9B-A224-47A8-8093-5915D70484C0} = {E056383E-1222-4D46-B06C-9F6C8F66E02D}
		{05D4A0AF-F2C9-4DF5-AC54-7F2D77BD8DE8} = {7B1B0E1C-902F-4F86-A492-33101565EFA6}
		{7B1B0E1C-902F-4F86-A492-33101565EFA6} = {518E913E-5F8F-42B3-9F03-8C9101D11D0C}
		{E056383E-1222-4D46-B06C-9F6C8F66E02D} = {518E913E-5F8F-42B3-9F03-8C9101D11D0C}
		{58E420BE-7672-44A2-8722-0FCCE78914C0} = {E056383E-1222-4D46-B06C-9F6C8F66E02D}
		{36E877D9-2B39-49F6-865D-425F5D2FE49D} = {C84BDC9E-DFFE-4D94-8F32-437C31179A52}
		{BA850FB2-0F60-48C3-8E32-C9165D1EB7A5} = {C84BDC9E-DFFE-4D94-8F32-437C31179A52}
		{C84BDC9E-DFFE-4D94-8F32-437C31179A52} = {518E913E-5F8F-42B3-9F03-8C9101D11D0C}
		{A6B2F08A-8D63-4951-BE92-B861DCF4F9EF} = {C84BDC9E-DFFE-4D94-8F32-437C31179A52}
		{BD78391B-DA6F-4B4A-A11B-ED6E5A67F2B8} = {518E913E-5F8F-42B3-9F03-8C9101D11D0C}
	EndGlobalSection
	GlobalSection(ExtensibilityGlobals) = postSolution
		SolutionGuid = {4452CF42-A23B-4E0B-858A-504F333BDED7}
	EndGlobalSection
EndGlobal
