
Microsoft Visual Studio Solution File, Format Version 12.00
# Visual Studio Version 16
VisualStudioVersion = 16.0.29613.14
MinimumVisualStudioVersion = 10.0.40219.1
Project("{FAE04EC0-301F-11D3-BF4B-00C04F79EFBC}") = "NotClean.Entities", "NotClean\NotClean.Entities\NotClean.Entities.csproj", "{DEC812D3-A971-4F67-BA66-AEF274AF2AEA}"
EndProject
Project("{9A19103F-16F7-4668-BE54-9A1E7A4F7556}") = "NotClean.Handlers", "NotClean\NotClean.Handlers\NotClean.Handlers.csproj", "{9E982A54-10AC-42D2-B407-8A7D50F77F4C}"
EndProject
Project("{9A19103F-16F7-4668-BE54-9A1E7A4F7556}") = "NotClean.DataAccess", "NotClean\NotClean.DataAccess\NotClean.DataAccess.csproj", "{BD9CBEE8-3DEE-4268-A28F-8AE9DB5F22B2}"
EndProject
Project("{FAE04EC0-301F-11D3-BF4B-00C04F79EFBC}") = "NotClean.Web", "NotClean\NotClean.Web\NotClean.Web.csproj", "{B602EDBB-23DC-4E5F-9660-7B72CD9EE7F7}"
EndProject
Project("{9A19103F-16F7-4668-BE54-9A1E7A4F7556}") = "NotClean.Services", "NotClean\NotClean.Services\NotClean.Services.csproj", "{749C134A-9355-4B0F-8F21-D9399A2D3B83}"
EndProject
Global
	GlobalSection(SolutionConfigurationPlatforms) = preSolution
		Debug|Any CPU = Debug|Any CPU
		Release|Any CPU = Release|Any CPU
	EndGlobalSection
	GlobalSection(ProjectConfigurationPlatforms) = postSolution
		{DEC812D3-A971-4F67-BA66-AEF274AF2AEA}.Debug|Any CPU.ActiveCfg = Debug|Any CPU
		{DEC812D3-A971-4F67-BA66-AEF274AF2AEA}.Debug|Any CPU.Build.0 = Debug|Any CPU
		{DEC812D3-A971-4F67-BA66-AEF274AF2AEA}.Release|Any CPU.ActiveCfg = Release|Any CPU
		{DEC812D3-A971-4F67-BA66-AEF274AF2AEA}.Release|Any CPU.Build.0 = Release|Any CPU
		{9E982A54-10AC-42D2-B407-8A7D50F77F4C}.Debug|Any CPU.ActiveCfg = Debug|Any CPU
		{9E982A54-10AC-42D2-B407-8A7D50F77F4C}.Debug|Any CPU.Build.0 = Debug|Any CPU
		{9E982A54-10AC-42D2-B407-8A7D50F77F4C}.Release|Any CPU.ActiveCfg = Release|Any CPU
		{9E982A54-10AC-42D2-B407-8A7D50F77F4C}.Release|Any CPU.Build.0 = Release|Any CPU
		{BD9CBEE8-3DEE-4268-A28F-8AE9DB5F22B2}.Debug|Any CPU.ActiveCfg = Debug|Any CPU
		{BD9CBEE8-3DEE-4268-A28F-8AE9DB5F22B2}.Debug|Any CPU.Build.0 = Debug|Any CPU
		{BD9CBEE8-3DEE-4268-A28F-8AE9DB5F22B2}.Release|Any CPU.ActiveCfg = Release|Any CPU
		{BD9CBEE8-3DEE-4268-A28F-8AE9DB5F22B2}.Release|Any CPU.Build.0 = Release|Any CPU
		{B602EDBB-23DC-4E5F-9660-7B72CD9EE7F7}.Debug|Any CPU.ActiveCfg = Debug|Any CPU
		{B602EDBB-23DC-4E5F-9660-7B72CD9EE7F7}.Debug|Any CPU.Build.0 = Debug|Any CPU
		{B602EDBB-23DC-4E5F-9660-7B72CD9EE7F7}.Release|Any CPU.ActiveCfg = Release|Any CPU
		{B602EDBB-23DC-4E5F-9660-7B72CD9EE7F7}.Release|Any CPU.Build.0 = Release|Any CPU
		{749C134A-9355-4B0F-8F21-D9399A2D3B83}.Debug|Any CPU.ActiveCfg = Debug|Any CPU
		{749C134A-9355-4B0F-8F21-D9399A2D3B83}.Debug|Any CPU.Build.0 = Debug|Any CPU
		{749C134A-9355-4B0F-8F21-D9399A2D3B83}.Release|Any CPU.ActiveCfg = Release|Any CPU
		{749C134A-9355-4B0F-8F21-D9399A2D3B83}.Release|Any CPU.Build.0 = Release|Any CPU
	EndGlobalSection
	GlobalSection(SolutionProperties) = preSolution
		HideSolutionNode = FALSE
	EndGlobalSection
	GlobalSection(ExtensibilityGlobals) = postSolution
		SolutionGuid = {3A581ED7-EEBB-40E2-B7E2-68522EB3C9DB}
	EndGlobalSection
EndGlobal
